
Microsoft Visual Studio Solution File, Format Version 12.00
# Visual Studio 15
VisualStudioVersion = 15.0.28307.1340
MinimumVisualStudioVersion = 10.0.40219.1
Project("{2150E333-8FDC-42A3-9474-1A3956D46DE8}") = "Solution Items", "Solution Items", "{7EAF80A0-A099-4E21-AB65-D1366E0B56C7}"
	ProjectSection(SolutionItems) = preProject
		.gitignore = .gitignore
	EndProjectSection
EndProject
Project("{FAE04EC0-301F-11D3-BF4B-00C04F79EFBC}") = "PersonalSite.UI.MVC", "PersonalSite.UI.MVC\PersonalSite.UI.MVC.csproj", "{E65B83CA-3ACF-47BC-9A68-8A2D46590F0F}"
EndProject
Global
	GlobalSection(SolutionConfigurationPlatforms) = preSolution
		Debug|Any CPU = Debug|Any CPU
		Release|Any CPU = Release|Any CPU
	EndGlobalSection
	GlobalSection(ProjectConfigurationPlatforms) = postSolution
		{E65B83CA-3ACF-47BC-9A68-8A2D46590F0F}.Debug|Any CPU.ActiveCfg = Debug|Any CPU
		{E65B83CA-3ACF-47BC-9A68-8A2D46590F0F}.Debug|Any CPU.Build.0 = Debug|Any CPU
		{E65B83CA-3ACF-47BC-9A68-8A2D46590F0F}.Release|Any CPU.ActiveCfg = Release|Any CPU
		{E65B83CA-3ACF-47BC-9A68-8A2D46590F0F}.Release|Any CPU.Build.0 = Release|Any CPU
	EndGlobalSection
	GlobalSection(SolutionProperties) = preSolution
		HideSolutionNode = FALSE
	EndGlobalSection
	GlobalSection(ExtensibilityGlobals) = postSolution
		SolutionGuid = {360EA06E-C46A-4AA0-A394-BB33F5110A44}
	EndGlobalSection
EndGlobal
